
Microsoft Visual Studio Solution File, Format Version 12.00
# Visual Studio Version 17
VisualStudioVersion = 17.9.34616.47
MinimumVisualStudioVersion = 10.0.40219.1
Project("{FAE04EC0-301F-11D3-BF4B-00C04F79EFBC}") = "Lider", "Lider\Lider.csproj", "{ECA4FA7A-3899-4B8F-AD49-D93355B5A453}"
EndProject
Global
	GlobalSection(SolutionConfigurationPlatforms) = preSolution
		Debug|Any CPU = Debug|Any CPU
		Release|Any CPU = Release|Any CPU
	EndGlobalSection
	GlobalSection(ProjectConfigurationPlatforms) = postSolution
		{ECA4FA7A-3899-4B8F-AD49-D93355B5A453}.Debug|Any CPU.ActiveCfg = Debug|Any CPU
		{ECA4FA7A-3899-4B8F-AD49-D93355B5A453}.Debug|Any CPU.Build.0 = Debug|Any CPU
		{ECA4FA7A-3899-4B8F-AD49-D93355B5A453}.Release|Any CPU.ActiveCfg = Release|Any CPU
		{ECA4FA7A-3899-4B8F-AD49-D93355B5A453}.Release|Any CPU.Build.0 = Release|Any CPU
	EndGlobalSection
	GlobalSection(SolutionProperties) = preSolution
		HideSolutionNode = FALSE
	EndGlobalSection
	GlobalSection(ExtensibilityGlobals) = postSolution
		SolutionGuid = {E06437E9-5EED-4293-8AED-0E39C88A1E29}
	EndGlobalSection
EndGlobal
